
Microsoft Visual Studio Solution File, Format Version 12.00
# Visual Studio Version 17
VisualStudioVersion = 17.6.33815.320
MinimumVisualStudioVersion = 10.0.40219.1
Project("{FAE04EC0-301F-11D3-BF4B-00C04F79EFBC}") = "ThetaEcommerce", "ThetaEcommerce.csproj", "{53342344-AA3B-4B2D-B8E6-A1475A27F8DD}"
EndProject
Global
	GlobalSection(SolutionConfigurationPlatforms) = preSolution
		Debug|Any CPU = Debug|Any CPU
		Release|Any CPU = Release|Any CPU
	EndGlobalSection
	GlobalSection(ProjectConfigurationPlatforms) = postSolution
		{53342344-AA3B-4B2D-B8E6-A1475A27F8DD}.Debug|Any CPU.ActiveCfg = Debug|Any CPU
		{53342344-AA3B-4B2D-B8E6-A1475A27F8DD}.Debug|Any CPU.Build.0 = Debug|Any CPU
		{53342344-AA3B-4B2D-B8E6-A1475A27F8DD}.Release|Any CPU.ActiveCfg = Release|Any CPU
		{53342344-AA3B-4B2D-B8E6-A1475A27F8DD}.Release|Any CPU.Build.0 = Release|Any CPU
	EndGlobalSection
	GlobalSection(SolutionProperties) = preSolution
		HideSolutionNode = FALSE
	EndGlobalSection
	GlobalSection(ExtensibilityGlobals) = postSolution
		SolutionGuid = {51AC60B1-6F2B-478C-828D-E82277866920}
	EndGlobalSection
EndGlobal
